
Microsoft Visual Studio Solution File, Format Version 12.00
# Visual Studio Version 17
VisualStudioVersion = 17.8.34316.72
MinimumVisualStudioVersion = 10.0.40219.1
Project("{FAE04EC0-301F-11D3-BF4B-00C04F79EFBC}") = "ECommerceAppBackend", "ECommerceAppBackend.csproj", "{94079588-6175-4676-9904-7F80C8D7E96D}"
EndProject
Global
	GlobalSection(SolutionConfigurationPlatforms) = preSolution
		Debug|Any CPU = Debug|Any CPU
		Release|Any CPU = Release|Any CPU
	EndGlobalSection
	GlobalSection(ProjectConfigurationPlatforms) = postSolution
		{94079588-6175-4676-9904-7F80C8D7E96D}.Debug|Any CPU.ActiveCfg = Debug|Any CPU
		{94079588-6175-4676-9904-7F80C8D7E96D}.Debug|Any CPU.Build.0 = Debug|Any CPU
		{94079588-6175-4676-9904-7F80C8D7E96D}.Release|Any CPU.ActiveCfg = Release|Any CPU
		{94079588-6175-4676-9904-7F80C8D7E96D}.Release|Any CPU.Build.0 = Release|Any CPU
	EndGlobalSection
	GlobalSection(SolutionProperties) = preSolution
		HideSolutionNode = FALSE
	EndGlobalSection
	GlobalSection(ExtensibilityGlobals) = postSolution
		SolutionGuid = {25E48887-6BAC-45CE-82D9-9C6A01C874EF}
	EndGlobalSection
EndGlobal
